{
  "requires": true,
  "lockfileVersion": 1,
  "dependencies": {
    "lqq-namechange": {
      "version": "1.0.0",
      "resolved": "https://registry.npmjs.org/lqq-namechange/-/lqq-namechange-1.0.0.tgz",
      "integrity": "sha512-zenktOtSSbRlwYCKkwvK272kjpJ7M+eG695lZfzw9uF2g7egV9qr7sQbzPVgXa6vK/HINsP+lx5mqHU44LH7ZA=="
    }
  }
}
