# THIS IS AN AUTOGENERATED FILE. DO NOT EDIT THIS FILE DIRECTLY.
# yarn lockfile v1


"6-yyb-2011@^1.0.0":
  version "1.0.0"
  resolved "https://registry.yarnpkg.com/6-yyb-2011/-/6-yyb-2011-1.0.0.tgz#fc5b681f091cf5d87837f3b53e046ccf88bc37f4"
  integrity sha512-XkCHDDZgzBb81QAoABwiGUIKjsP/o8wGVDcFubX+OjCNqicAmQdOOTH0igXwdxmqtC0rqXxTkZEGlPnhG+23dA==
